
Microsoft Visual Studio Solution File, Format Version 12.00
# Visual Studio Version 17
VisualStudioVersion = 17.0.31903.59
MinimumVisualStudioVersion = 10.0.40219.1
Project("{2150E333-8FDC-42A3-9474-1A3956D46DE8}") = "api-gateway", "api-gateway", "{D5740E39-79EC-8D71-EBC3-DD458F48E25C}"
EndProject
Project("{2150E333-8FDC-42A3-9474-1A3956D46DE8}") = "src", "src", "{5875B879-98D6-7140-2787-4E9ED4E91F18}"
EndProject
Project("{FAE04EC0-301F-11D3-BF4B-00C04F79EFBC}") = "api-gateway", "api-gateway\src\api-gateway\api-gateway.csproj", "{2B8243C1-BA0A-4107-B338-5315EF06F1BE}"
EndProject
Project("{2150E333-8FDC-42A3-9474-1A3956D46DE8}") = "project-service", "project-service", "{CBC36FD2-C02A-2D47-E86F-DF8B2C9BEF43}"
EndProject
Project("{2150E333-8FDC-42A3-9474-1A3956D46DE8}") = "src", "src", "{20C76C3D-43BC-C7DA-C877-449B8D31393F}"
EndProject
Project("{FAE04EC0-301F-11D3-BF4B-00C04F79EFBC}") = "project-service", "project-service\src\project-service\project-service.csproj", "{180271E4-F634-4D96-9E1A-A48777B5C9C5}"
EndProject
Project("{2150E333-8FDC-42A3-9474-1A3956D46DE8}") = "weather-service", "weather-service", "{0C445046-7F28-B886-1B8E-D442925F0228}"
EndProject
Project("{2150E333-8FDC-42A3-9474-1A3956D46DE8}") = "src", "src", "{AB4C97F3-548F-82F7-7686-AFAE88A0E7C3}"
EndProject
Project("{FAE04EC0-301F-11D3-BF4B-00C04F79EFBC}") = "weather-service", "weather-service\src\weather-service\weather-service.csproj", "{2E1D5E9D-93F6-41B4-82D0-9A7D61C3BA8C}"
EndProject
Project("{2150E333-8FDC-42A3-9474-1A3956D46DE8}") = "pv-calc-service", "pv-calc-service", "{B1484A98-7EA9-F742-F3C0-331544F00096}"
EndProject
Project("{2150E333-8FDC-42A3-9474-1A3956D46DE8}") = "src", "src", "{7636647B-4E10-FB67-34D5-B28F7AEF9C3B}"
EndProject
Project("{FAE04EC0-301F-11D3-BF4B-00C04F79EFBC}") = "pv-calc-service", "pv-calc-service\src\pv-calc-service\pv-calc-service.csproj", "{B77469AA-48CD-4CA2-AB4E-9C60B2B4E11F}"
EndProject
Project("{2150E333-8FDC-42A3-9474-1A3956D46DE8}") = "report-service", "report-service", "{CFD9F8BC-964A-4A37-CD9A-4378554B335D}"
EndProject
Project("{2150E333-8FDC-42A3-9474-1A3956D46DE8}") = "src", "src", "{0019223B-FCBC-5D17-1219-179F6EB05890}"
EndProject
Project("{FAE04EC0-301F-11D3-BF4B-00C04F79EFBC}") = "report-service", "report-service\src\report-service\report-service.csproj", "{C41C562B-9230-4C83-945D-139B97A7C345}"
EndProject
Project("{2150E333-8FDC-42A3-9474-1A3956D46DE8}") = "notification-service", "notification-service", "{D4CFF5E1-BA47-08FE-F45C-A59D81FF1F65}"
EndProject
Project("{2150E333-8FDC-42A3-9474-1A3956D46DE8}") = "src", "src", "{50B39C3B-122D-CCF3-5CBD-19FC572A5AFB}"
EndProject
Project("{FAE04EC0-301F-11D3-BF4B-00C04F79EFBC}") = "notification-service", "notification-service\src\notification-service\notification-service.csproj", "{9B269DAE-8042-4929-A780-C3F7994D3F53}"
EndProject
Global
	GlobalSection(SolutionConfigurationPlatforms) = preSolution
		Debug|Any CPU = Debug|Any CPU
		Debug|x64 = Debug|x64
		Debug|x86 = Debug|x86
		Release|Any CPU = Release|Any CPU
		Release|x64 = Release|x64
		Release|x86 = Release|x86
	EndGlobalSection
	GlobalSection(ProjectConfigurationPlatforms) = postSolution
		{2B8243C1-BA0A-4107-B338-5315EF06F1BE}.Debug|Any CPU.ActiveCfg = Debug|Any CPU
		{2B8243C1-BA0A-4107-B338-5315EF06F1BE}.Debug|Any CPU.Build.0 = Debug|Any CPU
		{2B8243C1-BA0A-4107-B338-5315EF06F1BE}.Debug|x64.ActiveCfg = Debug|Any CPU
		{2B8243C1-BA0A-4107-B338-5315EF06F1BE}.Debug|x64.Build.0 = Debug|Any CPU
		{2B8243C1-BA0A-4107-B338-5315EF06F1BE}.Debug|x86.ActiveCfg = Debug|Any CPU
		{2B8243C1-BA0A-4107-B338-5315EF06F1BE}.Debug|x86.Build.0 = Debug|Any CPU
		{2B8243C1-BA0A-4107-B338-5315EF06F1BE}.Release|Any CPU.ActiveCfg = Release|Any CPU
		{2B8243C1-BA0A-4107-B338-5315EF06F1BE}.Release|Any CPU.Build.0 = Release|Any CPU
		{2B8243C1-BA0A-4107-B338-5315EF06F1BE}.Release|x64.ActiveCfg = Release|Any CPU
		{2B8243C1-BA0A-4107-B338-5315EF06F1BE}.Release|x64.Build.0 = Release|Any CPU
		{2B8243C1-BA0A-4107-B338-5315EF06F1BE}.Release|x86.ActiveCfg = Release|Any CPU
		{2B8243C1-BA0A-4107-B338-5315EF06F1BE}.Release|x86.Build.0 = Release|Any CPU
		{180271E4-F634-4D96-9E1A-A48777B5C9C5}.Debug|Any CPU.ActiveCfg = Debug|Any CPU
		{180271E4-F634-4D96-9E1A-A48777B5C9C5}.Debug|Any CPU.Build.0 = Debug|Any CPU
		{180271E4-F634-4D96-9E1A-A48777B5C9C5}.Debug|x64.ActiveCfg = Debug|Any CPU
		{180271E4-F634-4D96-9E1A-A48777B5C9C5}.Debug|x64.Build.0 = Debug|Any CPU
		{180271E4-F634-4D96-9E1A-A48777B5C9C5}.Debug|x86.ActiveCfg = Debug|Any CPU
		{180271E4-F634-4D96-9E1A-A48777B5C9C5}.Debug|x86.Build.0 = Debug|Any CPU
		{180271E4-F634-4D96-9E1A-A48777B5C9C5}.Release|Any CPU.ActiveCfg = Release|Any CPU
		{180271E4-F634-4D96-9E1A-A48777B5C9C5}.Release|Any CPU.Build.0 = Release|Any CPU
		{180271E4-F634-4D96-9E1A-A48777B5C9C5}.Release|x64.ActiveCfg = Release|Any CPU
		{180271E4-F634-4D96-9E1A-A48777B5C9C5}.Release|x64.Build.0 = Release|Any CPU
		{180271E4-F634-4D96-9E1A-A48777B5C9C5}.Release|x86.ActiveCfg = Release|Any CPU
		{180271E4-F634-4D96-9E1A-A48777B5C9C5}.Release|x86.Build.0 = Release|Any CPU
		{2E1D5E9D-93F6-41B4-82D0-9A7D61C3BA8C}.Debug|Any CPU.ActiveCfg = Debug|Any CPU
		{2E1D5E9D-93F6-41B4-82D0-9A7D61C3BA8C}.Debug|Any CPU.Build.0 = Debug|Any CPU
		{2E1D5E9D-93F6-41B4-82D0-9A7D61C3BA8C}.Debug|x64.ActiveCfg = Debug|Any CPU
		{2E1D5E9D-93F6-41B4-82D0-9A7D61C3BA8C}.Debug|x64.Build.0 = Debug|Any CPU
		{2E1D5E9D-93F6-41B4-82D0-9A7D61C3BA8C}.Debug|x86.ActiveCfg = Debug|Any CPU
		{2E1D5E9D-93F6-41B4-82D0-9A7D61C3BA8C}.Debug|x86.Build.0 = Debug|Any CPU
		{2E1D5E9D-93F6-41B4-82D0-9A7D61C3BA8C}.Release|Any CPU.ActiveCfg = Release|Any CPU
		{2E1D5E9D-93F6-41B4-82D0-9A7D61C3BA8C}.Release|Any CPU.Build.0 = Release|Any CPU
		{2E1D5E9D-93F6-41B4-82D0-9A7D61C3BA8C}.Release|x64.ActiveCfg = Release|Any CPU
		{2E1D5E9D-93F6-41B4-82D0-9A7D61C3BA8C}.Release|x64.Build.0 = Release|Any CPU
		{2E1D5E9D-93F6-41B4-82D0-9A7D61C3BA8C}.Release|x86.ActiveCfg = Release|Any CPU
		{2E1D5E9D-93F6-41B4-82D0-9A7D61C3BA8C}.Release|x86.Build.0 = Release|Any CPU
		{B77469AA-48CD-4CA2-AB4E-9C60B2B4E11F}.Debug|Any CPU.ActiveCfg = Debug|Any CPU
		{B77469AA-48CD-4CA2-AB4E-9C60B2B4E11F}.Debug|Any CPU.Build.0 = Debug|Any CPU
		{B77469AA-48CD-4CA2-AB4E-9C60B2B4E11F}.Debug|x64.ActiveCfg = Debug|Any CPU
		{B77469AA-48CD-4CA2-AB4E-9C60B2B4E11F}.Debug|x64.Build.0 = Debug|Any CPU
		{B77469AA-48CD-4CA2-AB4E-9C60B2B4E11F}.Debug|x86.ActiveCfg = Debug|Any CPU
		{B77469AA-48CD-4CA2-AB4E-9C60B2B4E11F}.Debug|x86.Build.0 = Debug|Any CPU
		{B77469AA-48CD-4CA2-AB4E-9C60B2B4E11F}.Release|Any CPU.ActiveCfg = Release|Any CPU
		{B77469AA-48CD-4CA2-AB4E-9C60B2B4E11F}.Release|Any CPU.Build.0 = Release|Any CPU
		{B77469AA-48CD-4CA2-AB4E-9C60B2B4E11F}.Release|x64.ActiveCfg = Release|Any CPU
		{B77469AA-48CD-4CA2-AB4E-9C60B2B4E11F}.Release|x64.Build.0 = Release|Any CPU
		{B77469AA-48CD-4CA2-AB4E-9C60B2B4E11F}.Release|x86.ActiveCfg = Release|Any CPU
		{B77469AA-48CD-4CA2-AB4E-9C60B2B4E11F}.Release|x86.Build.0 = Release|Any CPU
		{C41C562B-9230-4C83-945D-139B97A7C345}.Debug|Any CPU.ActiveCfg = Debug|Any CPU
		{C41C562B-9230-4C83-945D-139B97A7C345}.Debug|Any CPU.Build.0 = Debug|Any CPU
		{C41C562B-9230-4C83-945D-139B97A7C345}.Debug|x64.ActiveCfg = Debug|Any CPU
		{C41C562B-9230-4C83-945D-139B97A7C345}.Debug|x64.Build.0 = Debug|Any CPU
		{C41C562B-9230-4C83-945D-139B97A7C345}.Debug|x86.ActiveCfg = Debug|Any CPU
		{C41C562B-9230-4C83-945D-139B97A7C345}.Debug|x86.Build.0 = Debug|Any CPU
		{C41C562B-9230-4C83-945D-139B97A7C345}.Release|Any CPU.ActiveCfg = Release|Any CPU
		{C41C562B-9230-4C83-945D-139B97A7C345}.Release|Any CPU.Build.0 = Release|Any CPU
		{C41C562B-9230-4C83-945D-139B97A7C345}.Release|x64.ActiveCfg = Release|Any CPU
		{C41C562B-9230-4C83-945D-139B97A7C345}.Release|x64.Build.0 = Release|Any CPU
		{C41C562B-9230-4C83-945D-139B97A7C345}.Release|x86.ActiveCfg = Release|Any CPU
		{C41C562B-9230-4C83-945D-139B97A7C345}.Release|x86.Build.0 = Release|Any CPU
		{9B269DAE-8042-4929-A780-C3F7994D3F53}.Debug|Any CPU.ActiveCfg = Debug|Any CPU
		{9B269DAE-8042-4929-A780-C3F7994D3F53}.Debug|Any CPU.Build.0 = Debug|Any CPU
		{9B269DAE-8042-4929-A780-C3F7994D3F53}.Debug|x64.ActiveCfg = Debug|Any CPU
		{9B269DAE-8042-4929-A780-C3F7994D3F53}.Debug|x64.Build.0 = Debug|Any CPU
		{9B269DAE-8042-4929-A780-C3F7994D3F53}.Debug|x86.ActiveCfg = Debug|Any CPU
		{9B269DAE-8042-4929-A780-C3F7994D3F53}.Debug|x86.Build.0 = Debug|Any CPU
		{9B269DAE-8042-4929-A780-C3F7994D3F53}.Release|Any CPU.ActiveCfg = Release|Any CPU
		{9B269DAE-8042-4929-A780-C3F7994D3F53}.Release|Any CPU.Build.0 = Release|Any CPU
		{9B269DAE-8042-4929-A780-C3F7994D3F53}.Release|x64.ActiveCfg = Release|Any CPU
		{9B269DAE-8042-4929-A780-C3F7994D3F53}.Release|x64.Build.0 = Release|Any CPU
		{9B269DAE-8042-4929-A780-C3F7994D3F53}.Release|x86.ActiveCfg = Release|Any CPU
		{9B269DAE-8042-4929-A780-C3F7994D3F53}.Release|x86.Build.0 = Release|Any CPU
	EndGlobalSection
	GlobalSection(SolutionProperties) = preSolution
		HideSolutionNode = FALSE
	EndGlobalSection
	GlobalSection(NestedProjects) = preSolution
		{5875B879-98D6-7140-2787-4E9ED4E91F18} = {D5740E39-79EC-8D71-EBC3-DD458F48E25C}
		{2B8243C1-BA0A-4107-B338-5315EF06F1BE} = {5875B879-98D6-7140-2787-4E9ED4E91F18}
		{20C76C3D-43BC-C7DA-C877-449B8D31393F} = {CBC36FD2-C02A-2D47-E86F-DF8B2C9BEF43}
		{180271E4-F634-4D96-9E1A-A48777B5C9C5} = {20C76C3D-43BC-C7DA-C877-449B8D31393F}
		{AB4C97F3-548F-82F7-7686-AFAE88A0E7C3} = {0C445046-7F28-B886-1B8E-D442925F0228}
		{2E1D5E9D-93F6-41B4-82D0-9A7D61C3BA8C} = {AB4C97F3-548F-82F7-7686-AFAE88A0E7C3}
		{7636647B-4E10-FB67-34D5-B28F7AEF9C3B} = {B1484A98-7EA9-F742-F3C0-331544F00096}
		{B77469AA-48CD-4CA2-AB4E-9C60B2B4E11F} = {7636647B-4E10-FB67-34D5-B28F7AEF9C3B}
		{0019223B-FCBC-5D17-1219-179F6EB05890} = {CFD9F8BC-964A-4A37-CD9A-4378554B335D}
		{C41C562B-9230-4C83-945D-139B97A7C345} = {0019223B-FCBC-5D17-1219-179F6EB05890}
		{50B39C3B-122D-CCF3-5CBD-19FC572A5AFB} = {D4CFF5E1-BA47-08FE-F45C-A59D81FF1F65}
		{9B269DAE-8042-4929-A780-C3F7994D3F53} = {50B39C3B-122D-CCF3-5CBD-19FC572A5AFB}
	EndGlobalSection
EndGlobal
